
Microsoft Visual Studio Solution File, Format Version 12.00
# Visual Studio Version 16
VisualStudioVersion = 16.0.30114.105
MinimumVisualStudioVersion = 10.0.40219.1
Project("{FAE04EC0-301F-11D3-BF4B-00C04F79EFBC}") = "VideoTrimmer", "VideoTrimmer.csproj", "{4066F6CB-87D3-4FC7-B348-878C268EBC1B}"
EndProject
Global
	GlobalSection(SolutionConfigurationPlatforms) = preSolution
		Debug|Any CPU = Debug|Any CPU
		Release|Any CPU = Release|Any CPU
	EndGlobalSection
	GlobalSection(ProjectConfigurationPlatforms) = postSolution
		{4066F6CB-87D3-4FC7-B348-878C268EBC1B}.Debug|Any CPU.ActiveCfg = Debug|Any CPU
		{4066F6CB-87D3-4FC7-B348-878C268EBC1B}.Debug|Any CPU.Build.0 = Debug|Any CPU
		{4066F6CB-87D3-4FC7-B348-878C268EBC1B}.Release|Any CPU.ActiveCfg = Release|Any CPU
		{4066F6CB-87D3-4FC7-B348-878C268EBC1B}.Release|Any CPU.Build.0 = Release|Any CPU
	EndGlobalSection
	GlobalSection(SolutionProperties) = preSolution
		HideSolutionNode = FALSE
	EndGlobalSection
	GlobalSection(ExtensibilityGlobals) = postSolution
		SolutionGuid = {886A6A54-12CF-4D5C-A5B4-6EDBB1E98731}
	EndGlobalSection
EndGlobal
